// !$*UTF8*$!
{
	archiveVersion = 1;
	classes = {
	};
	objectVersion = 56;
	objects = {

/* Begin PBXBuildFile section */
		660E90C92974A76800D4F8B7 /* CubeTimerAlgorithmApp.swift in Sources */ = {isa = PBXBuildFile; fileRef = 660E90C82974A76800D4F8B7 /* CubeTimerAlgorithmApp.swift */; };
		660E90CD2974A76A00D4F8B7 /* Assets.xcassets in Resources */ = {isa = PBXBuildFile; fileRef = 660E90CC2974A76A00D4F8B7 /* Assets.xcassets */; };
		660E90D02974A76A00D4F8B7 /* Preview Assets.xcassets in Resources */ = {isa = PBXBuildFile; fileRef = 660E90CF2974A76A00D4F8B7 /* Preview Assets.xcassets */; };
		660E90DD2974A95700D4F8B7 /* TimerView.swift in Sources */ = {isa = PBXBuildFile; fileRef = 660E90DC2974A95700D4F8B7 /* TimerView.swift */; };
		660E90DF2974A97700D4F8B7 /* TimerViewModel.swift in Sources */ = {isa = PBXBuildFile; fileRef = 660E90DE2974A97700D4F8B7 /* TimerViewModel.swift */; };
		660E90E22974A99C00D4F8B7 /* AlgorithmsViewModel.swift in Sources */ = {isa = PBXBuildFile; fileRef = 660E90E12974A99C00D4F8B7 /* AlgorithmsViewModel.swift */; };
		660E90E42974A9AB00D4F8B7 /* AlgorithmsView.swift in Sources */ = {isa = PBXBuildFile; fileRef = 660E90E32974A9AB00D4F8B7 /* AlgorithmsView.swift */; };
		660E90E72974AA0600D4F8B7 /* MenuView.swift in Sources */ = {isa = PBXBuildFile; fileRef = 660E90E62974AA0600D4F8B7 /* MenuView.swift */; };
		660E90ED2974B82300D4F8B7 /* RefreshScramble.swift in Sources */ = {isa = PBXBuildFile; fileRef = 660E90EC2974B82300D4F8B7 /* RefreshScramble.swift */; };
		660E90EF2974B96100D4F8B7 /* HelpView.swift in Sources */ = {isa = PBXBuildFile; fileRef = 660E90EE2974B96100D4F8B7 /* HelpView.swift */; };
		660E90F12974BB2300D4F8B7 /* InfoView.swift in Sources */ = {isa = PBXBuildFile; fileRef = 660E90F02974BB2300D4F8B7 /* InfoView.swift */; };
		660E90FF2975D6C700D4F8B7 /* ScrambleTest.swift in Sources */ = {isa = PBXBuildFile; fileRef = 660E90FE2975D6C700D4F8B7 /* ScrambleTest.swift */; };
		660E91052975D6F500D4F8B7 /* TimerViewModel.swift in Sources */ = {isa = PBXBuildFile; fileRef = 660E90DE2974A97700D4F8B7 /* TimerViewModel.swift */; };
		660E91092975EE6F00D4F8B7 /* AlgorithmButton.swift in Sources */ = {isa = PBXBuildFile; fileRef = 660E91082975EE6F00D4F8B7 /* AlgorithmButton.swift */; };
		668D0ED0297847EB00D7BE0A /* UIConstants.swift in Sources */ = {isa = PBXBuildFile; fileRef = 668D0ECF297847EB00D7BE0A /* UIConstants.swift */; };
		668D0ED429786E2900D7BE0A /* cubeAlgorithms.json in Resources */ = {isa = PBXBuildFile; fileRef = 668D0ED329786E2900D7BE0A /* cubeAlgorithms.json */; };
		668D0ED6297870C000D7BE0A /* OLLViewModel.swift in Sources */ = {isa = PBXBuildFile; fileRef = 668D0ED5297870C000D7BE0A /* OLLViewModel.swift */; };
		66E37E982978DD8800E6AF2A /* Modifiers.swift in Sources */ = {isa = PBXBuildFile; fileRef = 66E37E972978DD8800E6AF2A /* Modifiers.swift */; };
		66E37E9B2978DEB100E6AF2A /* TextAndDivider.swift in Sources */ = {isa = PBXBuildFile; fileRef = 66E37E9A2978DEB100E6AF2A /* TextAndDivider.swift */; };
		66FD1BE32976EE110000AB03 /* OLLAlgorithms.swift in Sources */ = {isa = PBXBuildFile; fileRef = 66FD1BE22976EE110000AB03 /* OLLAlgorithms.swift */; };
		66FD1BE62976F7510000AB03 /* CubeView.swift in Sources */ = {isa = PBXBuildFile; fileRef = 66FD1BE52976F7510000AB03 /* CubeView.swift */; };
		66FD1BE82976F75A0000AB03 /* CubeViewModel.swift in Sources */ = {isa = PBXBuildFile; fileRef = 66FD1BE72976F75A0000AB03 /* CubeViewModel.swift */; };
		66FD1BEA2976F8050000AB03 /* SquareComponent.swift in Sources */ = {isa = PBXBuildFile; fileRef = 66FD1BE92976F8050000AB03 /* SquareComponent.swift */; };
		66FD1BEC2976F9630000AB03 /* CubeAlgorithm.swift in Sources */ = {isa = PBXBuildFile; fileRef = 66FD1BEB2976F9630000AB03 /* CubeAlgorithm.swift */; };
/* End PBXBuildFile section */

/* Begin PBXContainerItemProxy section */
		660E91002975D6C700D4F8B7 /* PBXContainerItemProxy */ = {
			isa = PBXContainerItemProxy;
			containerPortal = 660E90BD2974A76800D4F8B7 /* Project object */;
			proxyType = 1;
			remoteGlobalIDString = 660E90C42974A76800D4F8B7;
			remoteInfo = CubeTimerAlgorithm;
		};
/* End PBXContainerItemProxy section */

/* Begin PBXFileReference section */
		660E90C52974A76800D4F8B7 /* CubeTimerAlgorithm.app */ = {isa = PBXFileReference; explicitFileType = wrapper.application; includeInIndex = 0; path = CubeTimerAlgorithm.app; sourceTree = BUILT_PRODUCTS_DIR; };
		660E90C82974A76800D4F8B7 /* CubeTimerAlgorithmApp.swift */ = {isa = PBXFileReference; lastKnownFileType = sourcecode.swift; path = CubeTimerAlgorithmApp.swift; sourceTree = "<group>"; };
		660E90CC2974A76A00D4F8B7 /* Assets.xcassets */ = {isa = PBXFileReference; lastKnownFileType = folder.assetcatalog; path = Assets.xcassets; sourceTree = "<group>"; };
		660E90CF2974A76A00D4F8B7 /* Preview Assets.xcassets */ = {isa = PBXFileReference; lastKnownFileType = folder.assetcatalog; path = "Preview Assets.xcassets"; sourceTree = "<group>"; };
		660E90DC2974A95700D4F8B7 /* TimerView.swift */ = {isa = PBXFileReference; lastKnownFileType = sourcecode.swift; path = TimerView.swift; sourceTree = "<group>"; };
		660E90DE2974A97700D4F8B7 /* TimerViewModel.swift */ = {isa = PBXFileReference; lastKnownFileType = sourcecode.swift; path = TimerViewModel.swift; sourceTree = "<group>"; };
		660E90E12974A99C00D4F8B7 /* AlgorithmsViewModel.swift */ = {isa = PBXFileReference; lastKnownFileType = sourcecode.swift; path = AlgorithmsViewModel.swift; sourceTree = "<group>"; };
		660E90E32974A9AB00D4F8B7 /* AlgorithmsView.swift */ = {isa = PBXFileReference; lastKnownFileType = sourcecode.swift; path = AlgorithmsView.swift; sourceTree = "<group>"; };
		660E90E62974AA0600D4F8B7 /* MenuView.swift */ = {isa = PBXFileReference; lastKnownFileType = sourcecode.swift; path = MenuView.swift; sourceTree = "<group>"; };
		660E90EC2974B82300D4F8B7 /* RefreshScramble.swift */ = {isa = PBXFileReference; lastKnownFileType = sourcecode.swift; path = RefreshScramble.swift; sourceTree = "<group>"; };
		660E90EE2974B96100D4F8B7 /* HelpView.swift */ = {isa = PBXFileReference; lastKnownFileType = sourcecode.swift; path = HelpView.swift; sourceTree = "<group>"; };
		660E90F02974BB2300D4F8B7 /* InfoView.swift */ = {isa = PBXFileReference; lastKnownFileType = sourcecode.swift; path = InfoView.swift; sourceTree = "<group>"; };
		660E90FC2975D6C700D4F8B7 /* ScrambleTest.xctest */ = {isa = PBXFileReference; explicitFileType = wrapper.cfbundle; includeInIndex = 0; path = ScrambleTest.xctest; sourceTree = BUILT_PRODUCTS_DIR; };
		660E90FE2975D6C700D4F8B7 /* ScrambleTest.swift */ = {isa = PBXFileReference; lastKnownFileType = sourcecode.swift; path = ScrambleTest.swift; sourceTree = "<group>"; };
		660E91082975EE6F00D4F8B7 /* AlgorithmButton.swift */ = {isa = PBXFileReference; lastKnownFileType = sourcecode.swift; path = AlgorithmButton.swift; sourceTree = "<group>"; };
		668D0ECF297847EB00D7BE0A /* UIConstants.swift */ = {isa = PBXFileReference; lastKnownFileType = sourcecode.swift; path = UIConstants.swift; sourceTree = "<group>"; };
		668D0ED329786E2900D7BE0A /* cubeAlgorithms.json */ = {isa = PBXFileReference; fileEncoding = 4; lastKnownFileType = text.json; path = cubeAlgorithms.json; sourceTree = "<group>"; };
		668D0ED5297870C000D7BE0A /* OLLViewModel.swift */ = {isa = PBXFileReference; lastKnownFileType = sourcecode.swift; path = OLLViewModel.swift; sourceTree = "<group>"; };
		66E37E972978DD8800E6AF2A /* Modifiers.swift */ = {isa = PBXFileReference; lastKnownFileType = sourcecode.swift; path = Modifiers.swift; sourceTree = "<group>"; };
		66E37E9A2978DEB100E6AF2A /* TextAndDivider.swift */ = {isa = PBXFileReference; lastKnownFileType = sourcecode.swift; path = TextAndDivider.swift; sourceTree = "<group>"; };
		66FD1BE22976EE110000AB03 /* OLLAlgorithms.swift */ = {isa = PBXFileReference; lastKnownFileType = sourcecode.swift; path = OLLAlgorithms.swift; sourceTree = "<group>"; };
		66FD1BE52976F7510000AB03 /* CubeView.swift */ = {isa = PBXFileReference; lastKnownFileType = sourcecode.swift; path = CubeView.swift; sourceTree = "<group>"; };
		66FD1BE72976F75A0000AB03 /* CubeViewModel.swift */ = {isa = PBXFileReference; lastKnownFileType = sourcecode.swift; path = CubeViewModel.swift; sourceTree = "<group>"; };
		66FD1BE92976F8050000AB03 /* SquareComponent.swift */ = {isa = PBXFileReference; lastKnownFileType = sourcecode.swift; path = SquareComponent.swift; sourceTree = "<group>"; };
		66FD1BEB2976F9630000AB03 /* CubeAlgorithm.swift */ = {isa = PBXFileReference; lastKnownFileType = sourcecode.swift; path = CubeAlgorithm.swift; sourceTree = "<group>"; };
		66FD1BED29771FB90000AB03 /* MyPlayground.playground */ = {isa = PBXFileReference; lastKnownFileType = file.playground; path = MyPlayground.playground; sourceTree = "<group>"; xcLanguageSpecificationIdentifier = xcode.lang.swift; };
/* End PBXFileReference section */

/* Begin PBXFrameworksBuildPhase section */
		660E90C22974A76800D4F8B7 /* Frameworks */ = {
			isa = PBXFrameworksBuildPhase;
			buildActionMask = 2147483647;
			files = (
			);
			runOnlyForDeploymentPostprocessing = 0;
		};
		660E90F92975D6C700D4F8B7 /* Frameworks */ = {
			isa = PBXFrameworksBuildPhase;
			buildActionMask = 2147483647;
			files = (
			);
			runOnlyForDeploymentPostprocessing = 0;
		};
/* End PBXFrameworksBuildPhase section */

/* Begin PBXGroup section */
		660E90BC2974A76800D4F8B7 = {
			isa = PBXGroup;
			children = (
				660E90C72974A76800D4F8B7 /* CubeTimerAlgorithm */,
				660E90FD2975D6C700D4F8B7 /* ScrambleTest */,
				660E90C62974A76800D4F8B7 /* Products */,
			);
			sourceTree = "<group>";
		};
		660E90C62974A76800D4F8B7 /* Products */ = {
			isa = PBXGroup;
			children = (
				660E90C52974A76800D4F8B7 /* CubeTimerAlgorithm.app */,
				660E90FC2975D6C700D4F8B7 /* ScrambleTest.xctest */,
			);
			name = Products;
			sourceTree = "<group>";
		};
		660E90C72974A76800D4F8B7 /* CubeTimerAlgorithm */ = {
			isa = PBXGroup;
			children = (
				660E90C82974A76800D4F8B7 /* CubeTimerAlgorithmApp.swift */,
				66E37E992978DE9900E6AF2A /* Components */,
				660E90D82974A81B00D4F8B7 /* UseCases */,
				660E90D72974A80400D4F8B7 /* Util */,
				660E90D62974A7FF00D4F8B7 /* Models */,
				660E90CC2974A76A00D4F8B7 /* Assets.xcassets */,
				660E90CE2974A76A00D4F8B7 /* Preview Content */,
			);
			path = CubeTimerAlgorithm;
			sourceTree = "<group>";
		};
		660E90CE2974A76A00D4F8B7 /* Preview Content */ = {
			isa = PBXGroup;
			children = (
				660E90CF2974A76A00D4F8B7 /* Preview Assets.xcassets */,
			);
			path = "Preview Content";
			sourceTree = "<group>";
		};
		660E90D62974A7FF00D4F8B7 /* Models */ = {
			isa = PBXGroup;
			children = (
				66FD1BEB2976F9630000AB03 /* CubeAlgorithm.swift */,
			);
			path = Models;
			sourceTree = "<group>";
		};
		660E90D72974A80400D4F8B7 /* Util */ = {
			isa = PBXGroup;
			children = (
				668D0ED329786E2900D7BE0A /* cubeAlgorithms.json */,
				66FD1BE42976F7360000AB03 /* CubeRenderer */,
				660E90F72975D2F700D4F8B7 /* Extensions */,
			);
			path = Util;
			sourceTree = "<group>";
		};
		660E90D82974A81B00D4F8B7 /* UseCases */ = {
			isa = PBXGroup;
			children = (
				660E90E52974A9F900D4F8B7 /* Menu */,
				660E90E02974A98800D4F8B7 /* Algorithms */,
				660E90DB2974A94900D4F8B7 /* Timer */,
				660E91062975DD4800D4F8B7 /* Settings */,
			);
			path = UseCases;
			sourceTree = "<group>";
		};
		660E90DB2974A94900D4F8B7 /* Timer */ = {
			isa = PBXGroup;
			children = (
				660E90DC2974A95700D4F8B7 /* TimerView.swift */,
				660E90DE2974A97700D4F8B7 /* TimerViewModel.swift */,
				660E90EB2974B81200D4F8B7 /* TimerComponents */,
			);
			path = Timer;
			sourceTree = "<group>";
		};
		660E90E02974A98800D4F8B7 /* Algorithms */ = {
			isa = PBXGroup;
			children = (
				660E90E12974A99C00D4F8B7 /* AlgorithmsViewModel.swift */,
				660E90E32974A9AB00D4F8B7 /* AlgorithmsView.swift */,
				660E91072975EDCC00D4F8B7 /* AlgorithmComponents */,
			);
			path = Algorithms;
			sourceTree = "<group>";
		};
		660E90E52974A9F900D4F8B7 /* Menu */ = {
			isa = PBXGroup;
			children = (
				660E90E62974AA0600D4F8B7 /* MenuView.swift */,
			);
			path = Menu;
			sourceTree = "<group>";
		};
		660E90EB2974B81200D4F8B7 /* TimerComponents */ = {
			isa = PBXGroup;
			children = (
				660E90EC2974B82300D4F8B7 /* RefreshScramble.swift */,
				660E90EE2974B96100D4F8B7 /* HelpView.swift */,
				660E90F02974BB2300D4F8B7 /* InfoView.swift */,
			);
			path = TimerComponents;
			sourceTree = "<group>";
		};
		660E90F72975D2F700D4F8B7 /* Extensions */ = {
			isa = PBXGroup;
			children = (
				668D0ECF297847EB00D7BE0A /* UIConstants.swift */,
				66E37E972978DD8800E6AF2A /* Modifiers.swift */,
				66FD1BED29771FB90000AB03 /* MyPlayground.playground */,
			);
			path = Extensions;
			sourceTree = "<group>";
		};
		660E90FD2975D6C700D4F8B7 /* ScrambleTest */ = {
			isa = PBXGroup;
			children = (
				660E90FE2975D6C700D4F8B7 /* ScrambleTest.swift */,
			);
			path = ScrambleTest;
			sourceTree = "<group>";
		};
		660E91062975DD4800D4F8B7 /* Settings */ = {
			isa = PBXGroup;
			children = (
			);
			path = Settings;
			sourceTree = "<group>";
		};
		660E91072975EDCC00D4F8B7 /* AlgorithmComponents */ = {
			isa = PBXGroup;
			children = (
				660E91082975EE6F00D4F8B7 /* AlgorithmButton.swift */,
				66FD1BE22976EE110000AB03 /* OLLAlgorithms.swift */,
				668D0ED5297870C000D7BE0A /* OLLViewModel.swift */,
			);
			path = AlgorithmComponents;
			sourceTree = "<group>";
		};
		66E37E992978DE9900E6AF2A /* Components */ = {
			isa = PBXGroup;
			children = (
				66E37E9A2978DEB100E6AF2A /* TextAndDivider.swift */,
			);
			path = Components;
			sourceTree = "<group>";
		};
		66FD1BE42976F7360000AB03 /* CubeRenderer */ = {
			isa = PBXGroup;
			children = (
				66FD1BE52976F7510000AB03 /* CubeView.swift */,
				66FD1BE72976F75A0000AB03 /* CubeViewModel.swift */,
				66FD1BE92976F8050000AB03 /* SquareComponent.swift */,
			);
			path = CubeRenderer;
			sourceTree = "<group>";
		};
/* End PBXGroup section */

/* Begin PBXNativeTarget section */
		660E90C42974A76800D4F8B7 /* CubeTimerAlgorithm */ = {
			isa = PBXNativeTarget;
			buildConfigurationList = 660E90D32974A76A00D4F8B7 /* Build configuration list for PBXNativeTarget "CubeTimerAlgorithm" */;
			buildPhases = (
				660E90C12974A76800D4F8B7 /* Sources */,
				660E90C22974A76800D4F8B7 /* Frameworks */,
				660E90C32974A76800D4F8B7 /* Resources */,
			);
			buildRules = (
			);
			dependencies = (
			);
			name = CubeTimerAlgorithm;
			productName = CubeTimerAlgorithm;
			productReference = 660E90C52974A76800D4F8B7 /* CubeTimerAlgorithm.app */;
			productType = "com.apple.product-type.application";
		};
		660E90FB2975D6C700D4F8B7 /* ScrambleTest */ = {
			isa = PBXNativeTarget;
			buildConfigurationList = 660E91022975D6C700D4F8B7 /* Build configuration list for PBXNativeTarget "ScrambleTest" */;
			buildPhases = (
				660E90F82975D6C700D4F8B7 /* Sources */,
				660E90F92975D6C700D4F8B7 /* Frameworks */,
				660E90FA2975D6C700D4F8B7 /* Resources */,
			);
			buildRules = (
			);
			dependencies = (
				660E91012975D6C700D4F8B7 /* PBXTargetDependency */,
			);
			name = ScrambleTest;
			productName = ScrambleTest;
			productReference = 660E90FC2975D6C700D4F8B7 /* ScrambleTest.xctest */;
			productType = "com.apple.product-type.bundle.unit-test";
		};
/* End PBXNativeTarget section */

/* Begin PBXProject section */
		660E90BD2974A76800D4F8B7 /* Project object */ = {
			isa = PBXProject;
			attributes = {
				BuildIndependentTargetsInParallel = 1;
				LastSwiftUpdateCheck = 1420;
				LastUpgradeCheck = 1420;
				TargetAttributes = {
					660E90C42974A76800D4F8B7 = {
						CreatedOnToolsVersion = 14.2;
					};
					660E90FB2975D6C700D4F8B7 = {
						CreatedOnToolsVersion = 14.2;
						TestTargetID = 660E90C42974A76800D4F8B7;
					};
				};
			};
			buildConfigurationList = 660E90C02974A76800D4F8B7 /* Build configuration list for PBXProject "CubeTimerAlgorithm" */;
			compatibilityVersion = "Xcode 14.0";
			developmentRegion = en;
			hasScannedForEncodings = 0;
			knownRegions = (
				en,
				Base,
				es,
			);
			mainGroup = 660E90BC2974A76800D4F8B7;
			productRefGroup = 660E90C62974A76800D4F8B7 /* Products */;
			projectDirPath = "";
			projectRoot = "";
			targets = (
				660E90C42974A76800D4F8B7 /* CubeTimerAlgorithm */,
				660E90FB2975D6C700D4F8B7 /* ScrambleTest */,
			);
		};
/* End PBXProject section */

/* Begin PBXResourcesBuildPhase section */
		660E90C32974A76800D4F8B7 /* Resources */ = {
			isa = PBXResourcesBuildPhase;
			buildActionMask = 2147483647;
			files = (
				660E90D02974A76A00D4F8B7 /* Preview Assets.xcassets in Resources */,
				668D0ED429786E2900D7BE0A /* cubeAlgorithms.json in Resources */,
				660E90CD2974A76A00D4F8B7 /* Assets.xcassets in Resources */,
			);
			runOnlyForDeploymentPostprocessing = 0;
		};
		660E90FA2975D6C700D4F8B7 /* Resources */ = {
			isa = PBXResourcesBuildPhase;
			buildActionMask = 2147483647;
			files = (
			);
			runOnlyForDeploymentPostprocessing = 0;
		};
/* End PBXResourcesBuildPhase section */

/* Begin PBXSourcesBuildPhase section */
		660E90C12974A76800D4F8B7 /* Sources */ = {
			isa = PBXSourcesBuildPhase;
			buildActionMask = 2147483647;
			files = (
				66FD1BE32976EE110000AB03 /* OLLAlgorithms.swift in Sources */,
				660E90E42974A9AB00D4F8B7 /* AlgorithmsView.swift in Sources */,
				66E37E9B2978DEB100E6AF2A /* TextAndDivider.swift in Sources */,
				660E90E72974AA0600D4F8B7 /* MenuView.swift in Sources */,
				660E90DD2974A95700D4F8B7 /* TimerView.swift in Sources */,
				660E90ED2974B82300D4F8B7 /* RefreshScramble.swift in Sources */,
				660E90DF2974A97700D4F8B7 /* TimerViewModel.swift in Sources */,
				660E91092975EE6F00D4F8B7 /* AlgorithmButton.swift in Sources */,
				668D0ED0297847EB00D7BE0A /* UIConstants.swift in Sources */,
				66E37E982978DD8800E6AF2A /* Modifiers.swift in Sources */,
				668D0ED6297870C000D7BE0A /* OLLViewModel.swift in Sources */,
				660E90EF2974B96100D4F8B7 /* HelpView.swift in Sources */,
				66FD1BEA2976F8050000AB03 /* SquareComponent.swift in Sources */,
				660E90E22974A99C00D4F8B7 /* AlgorithmsViewModel.swift in Sources */,
				66FD1BEC2976F9630000AB03 /* CubeAlgorithm.swift in Sources */,
				660E90F12974BB2300D4F8B7 /* InfoView.swift in Sources */,
				66FD1BE82976F75A0000AB03 /* CubeViewModel.swift in Sources */,
				660E90C92974A76800D4F8B7 /* CubeTimerAlgorithmApp.swift in Sources */,
				66FD1BE62976F7510000AB03 /* CubeView.swift in Sources */,
			);
			runOnlyForDeploymentPostprocessing = 0;
		};
		660E90F82975D6C700D4F8B7 /* Sources */ = {
			isa = PBXSourcesBuildPhase;
			buildActionMask = 2147483647;
			files = (
				660E91052975D6F500D4F8B7 /* TimerViewModel.swift in Sources */,
				660E90FF2975D6C700D4F8B7 /* ScrambleTest.swift in Sources */,
			);
			runOnlyForDeploymentPostprocessing = 0;
		};
/* End PBXSourcesBuildPhase section */

/* Begin PBXTargetDependency section */
		660E91012975D6C700D4F8B7 /* PBXTargetDependency */ = {
			isa = PBXTargetDependency;
			target = 660E90C42974A76800D4F8B7 /* CubeTimerAlgorithm */;
			targetProxy = 660E91002975D6C700D4F8B7 /* PBXContainerItemProxy */;
		};
/* End PBXTargetDependency section */

/* Begin XCBuildConfiguration section */
		660E90D12974A76A00D4F8B7 /* Debug */ = {
			isa = XCBuildConfiguration;
			buildSettings = {
				ALWAYS_SEARCH_USER_PATHS = NO;
				CLANG_ANALYZER_NONNULL = YES;
				CLANG_ANALYZER_NUMBER_OBJECT_CONVERSION = YES_AGGRESSIVE;
				CLANG_CXX_LANGUAGE_STANDARD = "gnu++20";
				CLANG_ENABLE_MODULES = YES;
				CLANG_ENABLE_OBJC_ARC = YES;
				CLANG_ENABLE_OBJC_WEAK = YES;
				CLANG_WARN_BLOCK_CAPTURE_AUTORELEASING = YES;
				CLANG_WARN_BOOL_CONVERSION = YES;
				CLANG_WARN_COMMA = YES;
				CLANG_WARN_CONSTANT_CONVERSION = YES;
				CLANG_WARN_DEPRECATED_OBJC_IMPLEMENTATIONS = YES;
				CLANG_WARN_DIRECT_OBJC_ISA_USAGE = YES_ERROR;
				CLANG_WARN_DOCUMENTATION_COMMENTS = YES;
				CLANG_WARN_EMPTY_BODY = YES;
				CLANG_WARN_ENUM_CONVERSION = YES;
				CLANG_WARN_INFINITE_RECURSION = YES;
				CLANG_WARN_INT_CONVERSION = YES;
				CLANG_WARN_NON_LITERAL_NULL_CONVERSION = YES;
				CLANG_WARN_OBJC_IMPLICIT_RETAIN_SELF = YES;
				CLANG_WARN_OBJC_LITERAL_CONVERSION = YES;
				CLANG_WARN_OBJC_ROOT_CLASS = YES_ERROR;
				CLANG_WARN_QUOTED_INCLUDE_IN_FRAMEWORK_HEADER = YES;
				CLANG_WARN_RANGE_LOOP_ANALYSIS = YES;
				CLANG_WARN_STRICT_PROTOTYPES = YES;
				CLANG_WARN_SUSPICIOUS_MOVE = YES;
				CLANG_WARN_UNGUARDED_AVAILABILITY = YES_AGGRESSIVE;
				CLANG_WARN_UNREACHABLE_CODE = YES;
				CLANG_WARN__DUPLICATE_METHOD_MATCH = YES;
				COPY_PHASE_STRIP = NO;
				DEBUG_INFORMATION_FORMAT = dwarf;
				ENABLE_STRICT_OBJC_MSGSEND = YES;
				ENABLE_TESTABILITY = YES;
				GCC_C_LANGUAGE_STANDARD = gnu11;
				GCC_DYNAMIC_NO_PIC = NO;
				GCC_NO_COMMON_BLOCKS = YES;
				GCC_OPTIMIZATION_LEVEL = 0;
				GCC_PREPROCESSOR_DEFINITIONS = (
					"DEBUG=1",
					"$(inherited)",
				);
				GCC_WARN_64_TO_32_BIT_CONVERSION = YES;
				GCC_WARN_ABOUT_RETURN_TYPE = YES_ERROR;
				GCC_WARN_UNDECLARED_SELECTOR = YES;
				GCC_WARN_UNINITIALIZED_AUTOS = YES_AGGRESSIVE;
				GCC_WARN_UNUSED_FUNCTION = YES;
				GCC_WARN_UNUSED_VARIABLE = YES;
				IPHONEOS_DEPLOYMENT_TARGET = 16.0;
				MTL_ENABLE_DEBUG_INFO = INCLUDE_SOURCE;
				MTL_FAST_MATH = YES;
				ONLY_ACTIVE_ARCH = YES;
				SDKROOT = iphoneos;
				SWIFT_ACTIVE_COMPILATION_CONDITIONS = DEBUG;
				SWIFT_OPTIMIZATION_LEVEL = "-Onone";
			};
			name = Debug;
		};
		660E90D22974A76A00D4F8B7 /* Release */ = {
			isa = XCBuildConfiguration;
			buildSettings = {
				ALWAYS_SEARCH_USER_PATHS = NO;
				CLANG_ANALYZER_NONNULL = YES;
				CLANG_ANALYZER_NUMBER_OBJECT_CONVERSION = YES_AGGRESSIVE;
				CLANG_CXX_LANGUAGE_STANDARD = "gnu++20";
				CLANG_ENABLE_MODULES = YES;
				CLANG_ENABLE_OBJC_ARC = YES;
				CLANG_ENABLE_OBJC_WEAK = YES;
				CLANG_WARN_BLOCK_CAPTURE_AUTORELEASING = YES;
				CLANG_WARN_BOOL_CONVERSION = YES;
				CLANG_WARN_COMMA = YES;
				CLANG_WARN_CONSTANT_CONVERSION = YES;
				CLANG_WARN_DEPRECATED_OBJC_IMPLEMENTATIONS = YES;
				CLANG_WARN_DIRECT_OBJC_ISA_USAGE = YES_ERROR;
				CLANG_WARN_DOCUMENTATION_COMMENTS = YES;
				CLANG_WARN_EMPTY_BODY = YES;
				CLANG_WARN_ENUM_CONVERSION = YES;
				CLANG_WARN_INFINITE_RECURSION = YES;
				CLANG_WARN_INT_CONVERSION = YES;
				CLANG_WARN_NON_LITERAL_NULL_CONVERSION = YES;
				CLANG_WARN_OBJC_IMPLICIT_RETAIN_SELF = YES;
				CLANG_WARN_OBJC_LITERAL_CONVERSION = YES;
				CLANG_WARN_OBJC_ROOT_CLASS = YES_ERROR;
				CLANG_WARN_QUOTED_INCLUDE_IN_FRAMEWORK_HEADER = YES;
				CLANG_WARN_RANGE_LOOP_ANALYSIS = YES;
				CLANG_WARN_STRICT_PROTOTYPES = YES;
				CLANG_WARN_SUSPICIOUS_MOVE = YES;
				CLANG_WARN_UNGUARDED_AVAILABILITY = YES_AGGRESSIVE;
				CLANG_WARN_UNREACHABLE_CODE = YES;
				CLANG_WARN__DUPLICATE_METHOD_MATCH = YES;
				COPY_PHASE_STRIP = NO;
				DEBUG_INFORMATION_FORMAT = "dwarf-with-dsym";
				ENABLE_NS_ASSERTIONS = NO;
				ENABLE_STRICT_OBJC_MSGSEND = YES;
				GCC_C_LANGUAGE_STANDARD = gnu11;
				GCC_NO_COMMON_BLOCKS = YES;
				GCC_WARN_64_TO_32_BIT_CONVERSION = YES;
				GCC_WARN_ABOUT_RETURN_TYPE = YES_ERROR;
				GCC_WARN_UNDECLARED_SELECTOR = YES;
				GCC_WARN_UNINITIALIZED_AUTOS = YES_AGGRESSIVE;
				GCC_WARN_UNUSED_FUNCTION = YES;
				GCC_WARN_UNUSED_VARIABLE = YES;
				IPHONEOS_DEPLOYMENT_TARGET = 16.0;
				MTL_ENABLE_DEBUG_INFO = NO;
				MTL_FAST_MATH = YES;
				SDKROOT = iphoneos;
				SWIFT_COMPILATION_MODE = wholemodule;
				SWIFT_OPTIMIZATION_LEVEL = "-O";
				VALIDATE_PRODUCT = YES;
			};
			name = Release;
		};
		660E90D42974A76A00D4F8B7 /* Debug */ = {
			isa = XCBuildConfiguration;
			buildSettings = {
				ASSETCATALOG_COMPILER_APPICON_NAME = AppIcon;
				ASSETCATALOG_COMPILER_GLOBAL_ACCENT_COLOR_NAME = AccentColor;
				CODE_SIGN_STYLE = Automatic;
				CURRENT_PROJECT_VERSION = 1;
				DEVELOPMENT_ASSET_PATHS = "\"CubeTimerAlgorithm/Preview Content\"";
				DEVELOPMENT_TEAM = HKKAM4GN94;
				ENABLE_PREVIEWS = YES;
				GENERATE_INFOPLIST_FILE = YES;
				INFOPLIST_KEY_LSApplicationCategoryType = "public.app-category.entertainment";
				INFOPLIST_KEY_UIApplicationSceneManifest_Generation = YES;
				INFOPLIST_KEY_UIApplicationSupportsIndirectInputEvents = YES;
				INFOPLIST_KEY_UILaunchScreen_Generation = YES;
				INFOPLIST_KEY_UISupportedInterfaceOrientations = UIInterfaceOrientationPortrait;
				INFOPLIST_KEY_UISupportedInterfaceOrientations_iPad = "UIInterfaceOrientationLandscapeLeft UIInterfaceOrientationLandscapeRight UIInterfaceOrientationPortrait UIInterfaceOrientationPortraitUpsideDown";
				IPHONEOS_DEPLOYMENT_TARGET = 16.0;
				LD_RUNPATH_SEARCH_PATHS = (
					"$(inherited)",
					"@executable_path/Frameworks",
				);
				MARKETING_VERSION = 1.0;
				PRODUCT_BUNDLE_IDENTIFIER = Warlo.CubeTimerAlgorithm;
				PRODUCT_NAME = "$(TARGET_NAME)";
				SUPPORTED_PLATFORMS = "iphoneos iphonesimulator";
				SUPPORTS_MACCATALYST = NO;
				SUPPORTS_MAC_DESIGNED_FOR_IPHONE_IPAD = NO;
				SWIFT_EMIT_LOC_STRINGS = YES;
				SWIFT_VERSION = 5.0;
				TARGETED_DEVICE_FAMILY = "1,2";
			};
			name = Debug;
		};
		660E90D52974A76A00D4F8B7 /* Release */ = {
			isa = XCBuildConfiguration;
			buildSettings = {
				ASSETCATALOG_COMPILER_APPICON_NAME = AppIcon;
				ASSETCATALOG_COMPILER_GLOBAL_ACCENT_COLOR_NAME = AccentColor;
				CODE_SIGN_STYLE = Automatic;
				CURRENT_PROJECT_VERSION = 1;
				DEVELOPMENT_ASSET_PATHS = "\"CubeTimerAlgorithm/Preview Content\"";
				DEVELOPMENT_TEAM = HKKAM4GN94;
				ENABLE_PREVIEWS = YES;
				GENERATE_INFOPLIST_FILE = YES;
				INFOPLIST_KEY_LSApplicationCategoryType = "public.app-category.entertainment";
				INFOPLIST_KEY_UIApplicationSceneManifest_Generation = YES;
				INFOPLIST_KEY_UIApplicationSupportsIndirectInputEvents = YES;
				INFOPLIST_KEY_UILaunchScreen_Generation = YES;
				INFOPLIST_KEY_UISupportedInterfaceOrientations = UIInterfaceOrientationPortrait;
				INFOPLIST_KEY_UISupportedInterfaceOrientations_iPad = "UIInterfaceOrientationLandscapeLeft UIInterfaceOrientationLandscapeRight UIInterfaceOrientationPortrait UIInterfaceOrientationPortraitUpsideDown";
				IPHONEOS_DEPLOYMENT_TARGET = 16.0;
				LD_RUNPATH_SEARCH_PATHS = (
					"$(inherited)",
					"@executable_path/Frameworks",
				);
				MARKETING_VERSION = 1.0;
				PRODUCT_BUNDLE_IDENTIFIER = Warlo.CubeTimerAlgorithm;
				PRODUCT_NAME = "$(TARGET_NAME)";
				SUPPORTED_PLATFORMS = "iphoneos iphonesimulator";
				SUPPORTS_MACCATALYST = NO;
				SUPPORTS_MAC_DESIGNED_FOR_IPHONE_IPAD = NO;
				SWIFT_EMIT_LOC_STRINGS = YES;
				SWIFT_VERSION = 5.0;
				TARGETED_DEVICE_FAMILY = "1,2";
			};
			name = Release;
		};
		660E91032975D6C700D4F8B7 /* Debug */ = {
			isa = XCBuildConfiguration;
			buildSettings = {
				BUNDLE_LOADER = "$(TEST_HOST)";
				CODE_SIGN_STYLE = Automatic;
				CURRENT_PROJECT_VERSION = 1;
				DEVELOPMENT_TEAM = HKKAM4GN94;
				GENERATE_INFOPLIST_FILE = YES;
				IPHONEOS_DEPLOYMENT_TARGET = 16.2;
				MARKETING_VERSION = 1.0;
				PRODUCT_BUNDLE_IDENTIFIER = Warlo.ScrambleTest;
				PRODUCT_NAME = "$(TARGET_NAME)";
				SWIFT_EMIT_LOC_STRINGS = NO;
				SWIFT_VERSION = 5.0;
				TARGETED_DEVICE_FAMILY = "1,2";
				TEST_HOST = "$(BUILT_PRODUCTS_DIR)/CubeTimerAlgorithm.app/$(BUNDLE_EXECUTABLE_FOLDER_PATH)/CubeTimerAlgorithm";
			};
			name = Debug;
		};
		660E91042975D6C700D4F8B7 /* Release */ = {
			isa = XCBuildConfiguration;
			buildSettings = {
				BUNDLE_LOADER = "$(TEST_HOST)";
				CODE_SIGN_STYLE = Automatic;
				CURRENT_PROJECT_VERSION = 1;
				DEVELOPMENT_TEAM = HKKAM4GN94;
				GENERATE_INFOPLIST_FILE = YES;
				IPHONEOS_DEPLOYMENT_TARGET = 16.2;
				MARKETING_VERSION = 1.0;
				PRODUCT_BUNDLE_IDENTIFIER = Warlo.ScrambleTest;
				PRODUCT_NAME = "$(TARGET_NAME)";
				SWIFT_EMIT_LOC_STRINGS = NO;
				SWIFT_VERSION = 5.0;
				TARGETED_DEVICE_FAMILY = "1,2";
				TEST_HOST = "$(BUILT_PRODUCTS_DIR)/CubeTimerAlgorithm.app/$(BUNDLE_EXECUTABLE_FOLDER_PATH)/CubeTimerAlgorithm";
			};
			name = Release;
		};
/* End XCBuildConfiguration section */

/* Begin XCConfigurationList section */
		660E90C02974A76800D4F8B7 /* Build configuration list for PBXProject "CubeTimerAlgorithm" */ = {
			isa = XCConfigurationList;
			buildConfigurations = (
				660E90D12974A76A00D4F8B7 /* Debug */,
				660E90D22974A76A00D4F8B7 /* Release */,
			);
			defaultConfigurationIsVisible = 0;
			defaultConfigurationName = Release;
		};
		660E90D32974A76A00D4F8B7 /* Build configuration list for PBXNativeTarget "CubeTimerAlgorithm" */ = {
			isa = XCConfigurationList;
			buildConfigurations = (
				660E90D42974A76A00D4F8B7 /* Debug */,
				660E90D52974A76A00D4F8B7 /* Release */,
			);
			defaultConfigurationIsVisible = 0;
			defaultConfigurationName = Release;
		};
		660E91022975D6C700D4F8B7 /* Build configuration list for PBXNativeTarget "ScrambleTest" */ = {
			isa = XCConfigurationList;
			buildConfigurations = (
				660E91032975D6C700D4F8B7 /* Debug */,
				660E91042975D6C700D4F8B7 /* Release */,
			);
			defaultConfigurationIsVisible = 0;
			defaultConfigurationName = Release;
		};
/* End XCConfigurationList section */
	};
	rootObject = 660E90BD2974A76800D4F8B7 /* Project object */;
}
